
Microsoft Visual Studio Solution File, Format Version 12.00
# Visual Studio Version 17
VisualStudioVersion = 17.2.32516.85
MinimumVisualStudioVersion = 10.0.40219.1
Project("{E24C65DC-7377-472B-9ABA-BC803B73C61A}") = "spinninebor", "spinninebor\", "{FE90E94F-CD3D-4B0A-9C10-FAC6402CE62F}"
	ProjectSection(WebsiteProperties) = preProject
		TargetFrameworkMoniker = ".NETFramework,Version%3Dv4.8"
		Debug.AspNetCompiler.VirtualPath = "/localhost_33347"
		Debug.AspNetCompiler.PhysicalPath = "spinninebor\"
		Debug.AspNetCompiler.TargetPath = "PrecompiledWeb\localhost_33347\"
		Debug.AspNetCompiler.Updateable = "true"
		Debug.AspNetCompiler.ForceOverwrite = "true"
		Debug.AspNetCompiler.FixedNames = "false"
		Debug.AspNetCompiler.Debug = "True"
		Release.AspNetCompiler.VirtualPath = "/localhost_33347"
		Release.AspNetCompiler.PhysicalPath = "spinninebor\"
		Release.AspNetCompiler.TargetPath = "PrecompiledWeb\localhost_33347\"
		Release.AspNetCompiler.Updateable = "true"
		Release.AspNetCompiler.ForceOverwrite = "true"
		Release.AspNetCompiler.FixedNames = "false"
		Release.AspNetCompiler.Debug = "False"
		VWDPort = "33347"
		SlnRelativePath = "spinninebor\"
	EndProjectSection
EndProject
Global
	GlobalSection(SolutionConfigurationPlatforms) = preSolution
		Debug|Any CPU = Debug|Any CPU
	EndGlobalSection
	GlobalSection(ProjectConfigurationPlatforms) = postSolution
		{FE90E94F-CD3D-4B0A-9C10-FAC6402CE62F}.Debug|Any CPU.ActiveCfg = Debug|Any CPU
		{FE90E94F-CD3D-4B0A-9C10-FAC6402CE62F}.Debug|Any CPU.Build.0 = Debug|Any CPU
	EndGlobalSection
	GlobalSection(SolutionProperties) = preSolution
		HideSolutionNode = FALSE
	EndGlobalSection
	GlobalSection(ExtensibilityGlobals) = postSolution
		SolutionGuid = {75B1E28F-A99C-44E5-8665-6526584E2ABE}
	EndGlobalSection
EndGlobal
